
Microsoft Visual Studio Solution File, Format Version 12.00
# Visual Studio Version 16
VisualStudioVersion = 16.0.31624.102
MinimumVisualStudioVersion = 10.0.40219.1
Project("{FAE04EC0-301F-11D3-BF4B-00C04F79EFBC}") = "Novio", "Novio.csproj", "{471B6B3F-9FE1-4C94-8A96-D24D12623754}"
EndProject
Global
	GlobalSection(SolutionConfigurationPlatforms) = preSolution
		Debug|Any CPU = Debug|Any CPU
		Release|Any CPU = Release|Any CPU
	EndGlobalSection
	GlobalSection(ProjectConfigurationPlatforms) = postSolution
		{471B6B3F-9FE1-4C94-8A96-D24D12623754}.Debug|Any CPU.ActiveCfg = Debug|Any CPU
		{471B6B3F-9FE1-4C94-8A96-D24D12623754}.Debug|Any CPU.Build.0 = Debug|Any CPU
		{471B6B3F-9FE1-4C94-8A96-D24D12623754}.Release|Any CPU.ActiveCfg = Release|Any CPU
		{471B6B3F-9FE1-4C94-8A96-D24D12623754}.Release|Any CPU.Build.0 = Release|Any CPU
	EndGlobalSection
	GlobalSection(SolutionProperties) = preSolution
		HideSolutionNode = FALSE
	EndGlobalSection
	GlobalSection(ExtensibilityGlobals) = postSolution
		SolutionGuid = {7D84C809-A2FF-42A0-B36F-B2C83D17EC5B}
	EndGlobalSection
EndGlobal
